
Microsoft Visual Studio Solution File, Format Version 12.00
# Visual Studio Version 17
VisualStudioVersion = 17.9.34728.123
MinimumVisualStudioVersion = 10.0.40219.1
Project("{FAE04EC0-301F-11D3-BF4B-00C04F79EFBC}") = "class3_pratice", "class3_pratice\class3_pratice.csproj", "{608C6652-8897-4F58-9888-4FEE3860A5D8}"
EndProject
Global
	GlobalSection(SolutionConfigurationPlatforms) = preSolution
		Debug|Any CPU = Debug|Any CPU
		Release|Any CPU = Release|Any CPU
	EndGlobalSection
	GlobalSection(ProjectConfigurationPlatforms) = postSolution
		{608C6652-8897-4F58-9888-4FEE3860A5D8}.Debug|Any CPU.ActiveCfg = Debug|Any CPU
		{608C6652-8897-4F58-9888-4FEE3860A5D8}.Debug|Any CPU.Build.0 = Debug|Any CPU
		{608C6652-8897-4F58-9888-4FEE3860A5D8}.Release|Any CPU.ActiveCfg = Release|Any CPU
		{608C6652-8897-4F58-9888-4FEE3860A5D8}.Release|Any CPU.Build.0 = Release|Any CPU
	EndGlobalSection
	GlobalSection(SolutionProperties) = preSolution
		HideSolutionNode = FALSE
	EndGlobalSection
	GlobalSection(ExtensibilityGlobals) = postSolution
		SolutionGuid = {81A9A549-B31E-41FB-B17D-8E9B0BA2C27F}
	EndGlobalSection
EndGlobal
